
Microsoft Visual Studio Solution File, Format Version 12.00
# Visual Studio Version 17
VisualStudioVersion = 17.9.34723.18
MinimumVisualStudioVersion = 10.0.40219.1
Project("{2150E333-8FDC-42A3-9474-1A3956D46DE8}") = "Itens de Solução", "Itens de Solução", "{D7580426-A81B-4B3B-95E8-260A1147B73D}"
	ProjectSection(SolutionItems) = preProject
		docker-compose.yml = docker-compose.yml
	EndProjectSection
EndProject
Project("{9A19103F-16F7-4668-BE54-9A1E7A4F7556}") = "WaterReminder.API", "WaterReminder.API\WaterReminder.API.csproj", "{5EA1B785-8CB2-4544-B5FE-CBB68599506A}"
EndProject
Project("{9A19103F-16F7-4668-BE54-9A1E7A4F7556}") = "WaterReminder.Auth", "WaterReminder.Auth\WaterReminder.Auth.csproj", "{2CEE6399-8471-4712-977A-8DB7CEEDFF7E}"
EndProject
Global
	GlobalSection(SolutionConfigurationPlatforms) = preSolution
		Debug|Any CPU = Debug|Any CPU
		Release|Any CPU = Release|Any CPU
	EndGlobalSection
	GlobalSection(ProjectConfigurationPlatforms) = postSolution
		{5EA1B785-8CB2-4544-B5FE-CBB68599506A}.Debug|Any CPU.ActiveCfg = Debug|Any CPU
		{5EA1B785-8CB2-4544-B5FE-CBB68599506A}.Debug|Any CPU.Build.0 = Debug|Any CPU
		{5EA1B785-8CB2-4544-B5FE-CBB68599506A}.Release|Any CPU.ActiveCfg = Release|Any CPU
		{5EA1B785-8CB2-4544-B5FE-CBB68599506A}.Release|Any CPU.Build.0 = Release|Any CPU
		{2CEE6399-8471-4712-977A-8DB7CEEDFF7E}.Debug|Any CPU.ActiveCfg = Debug|Any CPU
		{2CEE6399-8471-4712-977A-8DB7CEEDFF7E}.Debug|Any CPU.Build.0 = Debug|Any CPU
		{2CEE6399-8471-4712-977A-8DB7CEEDFF7E}.Release|Any CPU.ActiveCfg = Release|Any CPU
		{2CEE6399-8471-4712-977A-8DB7CEEDFF7E}.Release|Any CPU.Build.0 = Release|Any CPU
	EndGlobalSection
	GlobalSection(SolutionProperties) = preSolution
		HideSolutionNode = FALSE
	EndGlobalSection
	GlobalSection(ExtensibilityGlobals) = postSolution
		SolutionGuid = {8B55E894-B17D-4ACC-A0A5-E8D8BF755AC7}
	EndGlobalSection
EndGlobal
